Microsoft Visual Studio Solution File, Format Version 11.00
# Visual Studio 2008

Project("{702DC962-78F6-7E36-F806-ED0EAE2B934E}") = "New Unity Project 1", "Assembly-CSharp-Editor.csproj", "{9794B609-D411-2657-D925-5971FE96ABB3}"
EndProject
Global
	GlobalSection(SolutionConfigurationPlatforms) = preSolution
		Debug|Any CPU = Debug|Any CPU
		Release|Any CPU = Release|Any CPU
	EndGlobalSection
	GlobalSection(ProjectConfigurationPlatforms) = postSolution
		{9794B609-D411-2657-D925-5971FE96ABB3}.Debug|Any CPU.ActiveCfg = Debug|Any CPU
		{9794B609-D411-2657-D925-5971FE96ABB3}.Debug|Any CPU.Build.0 = Debug|Any CPU
		{9794B609-D411-2657-D925-5971FE96ABB3}.Release|Any CPU.ActiveCfg = Release|Any CPU
		{9794B609-D411-2657-D925-5971FE96ABB3}.Release|Any CPU.Build.0 = Release|Any CPU
	EndGlobalSection
	GlobalSection(SolutionProperties) = preSolution
		HideSolutionNode = FALSE
	EndGlobalSection
	GlobalSection(MonoDevelopProperties) = preSolution
		StartupItem = Assembly-CSharp.csproj
	EndGlobalSection
EndGlobal
